
Microsoft Visual Studio Solution File, Format Version 12.00
# Visual Studio Version 16
VisualStudioVersion = 16.0.30611.23
MinimumVisualStudioVersion = 10.0.40219.1
Project("{FAE04EC0-301F-11D3-BF4B-00C04F79EFBC}") = "Application.Domain", "Application.Domain\Application.Domain.csproj", "{1AC17BF3-AAB6-479D-B9AE-5D10DD16D51B}"
EndProject
Project("{FAE04EC0-301F-11D3-BF4B-00C04F79EFBC}") = "Application.Domain.Tests", "Application.Domain.Tests\Application.Domain.Tests.csproj", "{03AF5A2A-ADA3-4648-9438-97E85D8A5718}"
EndProject
Global
	GlobalSection(SolutionConfigurationPlatforms) = preSolution
		Debug|Any CPU = Debug|Any CPU
		Release|Any CPU = Release|Any CPU
	EndGlobalSection
	GlobalSection(ProjectConfigurationPlatforms) = postSolution
		{1AC17BF3-AAB6-479D-B9AE-5D10DD16D51B}.Debug|Any CPU.ActiveCfg = Debug|Any CPU
		{1AC17BF3-AAB6-479D-B9AE-5D10DD16D51B}.Debug|Any CPU.Build.0 = Debug|Any CPU
		{1AC17BF3-AAB6-479D-B9AE-5D10DD16D51B}.Release|Any CPU.ActiveCfg = Release|Any CPU
		{1AC17BF3-AAB6-479D-B9AE-5D10DD16D51B}.Release|Any CPU.Build.0 = Release|Any CPU
		{03AF5A2A-ADA3-4648-9438-97E85D8A5718}.Debug|Any CPU.ActiveCfg = Debug|Any CPU
		{03AF5A2A-ADA3-4648-9438-97E85D8A5718}.Debug|Any CPU.Build.0 = Debug|Any CPU
		{03AF5A2A-ADA3-4648-9438-97E85D8A5718}.Release|Any CPU.ActiveCfg = Release|Any CPU
		{03AF5A2A-ADA3-4648-9438-97E85D8A5718}.Release|Any CPU.Build.0 = Release|Any CPU
	EndGlobalSection
	GlobalSection(SolutionProperties) = preSolution
		HideSolutionNode = FALSE
	EndGlobalSection
	GlobalSection(ExtensibilityGlobals) = postSolution
		SolutionGuid = {EAE0635C-2930-4E17-AAE5-745523E7D758}
	EndGlobalSection
EndGlobal
